
Microsoft Visual Studio Solution File, Format Version 12.00
# Visual Studio 15
VisualStudioVersion = 15.0.28307.168
MinimumVisualStudioVersion = 10.0.40219.1
Project("{2150E333-8FDC-42A3-9474-1A3956D46DE8}") = "src", "src", "{E384501C-485E-4EA0-8BB8-983096FD02AF}"
EndProject
Project("{2150E333-8FDC-42A3-9474-1A3956D46DE8}") = "test", "test", "{C4DB947B-DD6F-4E8B-AEAE-3420AB915CA9}"
EndProject
Project("{2150E333-8FDC-42A3-9474-1A3956D46DE8}") = "frontend", "frontend", "{CA82B391-A249-4091-8D19-C1DF7799CFCF}"
EndProject
Project("{D954291E-2A0B-460D-934E-DC6B0785DB48}") = "BoardGameStats.UI", "src\frontend\BoardGameStats\BoardGameStats.Shared\BoardGameStats.UI.shproj", "{6279C845-92F8-4333-AB99-3D213163593C}"
EndProject
Project("{FAE04EC0-301F-11D3-BF4B-00C04F79EFBC}") = "BoardGameStats.Droid", "src\frontend\BoardGameStats\BoardGameStats.Droid\BoardGameStats.Droid.csproj", "{A148FD4F-74F8-4C0D-AD90-214A9E27E659}"
EndProject
Project("{FAE04EC0-301F-11D3-BF4B-00C04F79EFBC}") = "BoardGameStats.iOS", "src\frontend\BoardGameStats\BoardGameStats.iOS\BoardGameStats.iOS.csproj", "{FF68EFAE-BB48-49C7-8E31-CEC096E3EE68}"
EndProject
Project("{FAE04EC0-301F-11D3-BF4B-00C04F79EFBC}") = "BoardGameStats.UWP", "src\frontend\BoardGameStats\BoardGameStats.UWP\BoardGameStats.UWP.csproj", "{F85617C9-CC73-47B1-8D4A-D836EB6629D2}"
EndProject
Project("{9A19103F-16F7-4668-BE54-9A1E7A4F7556}") = "BoardGameStats.Wasm", "src\frontend\BoardGameStats\BoardGameStats.Wasm\BoardGameStats.Wasm.csproj", "{E9ADA92F-2056-4AB4-B6DC-528FBE5A5ECE}"
EndProject
Project("{FAE04EC0-301F-11D3-BF4B-00C04F79EFBC}") = "BoardGameStats.Core", "src\frontend\BoardGameStats\BoardGameStats.Core\BoardGameStats.Core.csproj", "{823BA479-96F1-4D86-97ED-EA5AC17F8435}"
EndProject
Global
	GlobalSection(SharedMSBuildProjectFiles) = preSolution
		src\frontend\BoardGameStats\BoardGameStats.Shared\BoardGameStats.Shared.projitems*{6279c845-92f8-4333-ab99-3d213163593c}*SharedItemsImports = 13
		src\frontend\BoardGameStats\BoardGameStats.Shared\BoardGameStats.Shared.projitems*{a148fd4f-74f8-4c0d-ad90-214a9e27e659}*SharedItemsImports = 4
		src\frontend\BoardGameStats\BoardGameStats.Shared\BoardGameStats.Shared.projitems*{f85617c9-cc73-47b1-8d4a-d836eb6629d2}*SharedItemsImports = 4
		src\frontend\BoardGameStats\BoardGameStats.Shared\BoardGameStats.Shared.projitems*{ff68efae-bb48-49c7-8e31-cec096e3ee68}*SharedItemsImports = 4
	EndGlobalSection
	GlobalSection(SolutionConfigurationPlatforms) = preSolution
		Ad-Hoc|Any CPU = Ad-Hoc|Any CPU
		Ad-Hoc|ARM = Ad-Hoc|ARM
		Ad-Hoc|iPhone = Ad-Hoc|iPhone
		Ad-Hoc|iPhoneSimulator = Ad-Hoc|iPhoneSimulator
		Ad-Hoc|x64 = Ad-Hoc|x64
		Ad-Hoc|x86 = Ad-Hoc|x86
		AppStore|Any CPU = AppStore|Any CPU
		AppStore|ARM = AppStore|ARM
		AppStore|iPhone = AppStore|iPhone
		AppStore|iPhoneSimulator = AppStore|iPhoneSimulator
		AppStore|x64 = AppStore|x64
		AppStore|x86 = AppStore|x86
		Debug|Any CPU = Debug|Any CPU
		Debug|ARM = Debug|ARM
		Debug|iPhone = Debug|iPhone
		Debug|iPhoneSimulator = Debug|iPhoneSimulator
		Debug|x64 = Debug|x64
		Debug|x86 = Debug|x86
		Release|Any CPU = Release|Any CPU
		Release|ARM = Release|ARM
		Release|iPhone = Release|iPhone
		Release|iPhoneSimulator = Release|iPhoneSimulator
		Release|x64 = Release|x64
		Release|x86 = Release|x86
	EndGlobalSection
	GlobalSection(ProjectConfigurationPlatforms) = postSolution
		{A148FD4F-74F8-4C0D-AD90-214A9E27E659}.Ad-Hoc|Any CPU.ActiveCfg = Release|Any CPU
		{A148FD4F-74F8-4C0D-AD90-214A9E27E659}.Ad-Hoc|Any CPU.Build.0 = Release|Any CPU
		{A148FD4F-74F8-4C0D-AD90-214A9E27E659}.Ad-Hoc|Any CPU.Deploy.0 = Release|Any CPU
		{A148FD4F-74F8-4C0D-AD90-214A9E27E659}.Ad-Hoc|ARM.ActiveCfg = Release|Any CPU
		{A148FD4F-74F8-4C0D-AD90-214A9E27E659}.Ad-Hoc|ARM.Build.0 = Release|Any CPU
		{A148FD4F-74F8-4C0D-AD90-214A9E27E659}.Ad-Hoc|ARM.Deploy.0 = Release|Any CPU
		{A148FD4F-74F8-4C0D-AD90-214A9E27E659}.Ad-Hoc|iPhone.ActiveCfg = Release|Any CPU
		{A148FD4F-74F8-4C0D-AD90-214A9E27E659}.Ad-Hoc|iPhone.Build.0 = Release|Any CPU
		{A148FD4F-74F8-4C0D-AD90-214A9E27E659}.Ad-Hoc|iPhone.Deploy.0 = Release|Any CPU
		{A148FD4F-74F8-4C0D-AD90-214A9E27E659}.Ad-Hoc|iPhoneSimulator.ActiveCfg = Release|Any CPU
		{A148FD4F-74F8-4C0D-AD90-214A9E27E659}.Ad-Hoc|iPhoneSimulator.Build.0 = Release|Any CPU
		{A148FD4F-74F8-4C0D-AD90-214A9E27E659}.Ad-Hoc|iPhoneSimulator.Deploy.0 = Release|Any CPU
		{A148FD4F-74F8-4C0D-AD90-214A9E27E659}.Ad-Hoc|x64.ActiveCfg = Release|Any CPU
		{A148FD4F-74F8-4C0D-AD90-214A9E27E659}.Ad-Hoc|x64.Build.0 = Release|Any CPU
		{A148FD4F-74F8-4C0D-AD90-214A9E27E659}.Ad-Hoc|x64.Deploy.0 = Release|Any CPU
		{A148FD4F-74F8-4C0D-AD90-214A9E27E659}.Ad-Hoc|x86.ActiveCfg = Release|Any CPU
		{A148FD4F-74F8-4C0D-AD90-214A9E27E659}.Ad-Hoc|x86.Build.0 = Release|Any CPU
		{A148FD4F-74F8-4C0D-AD90-214A9E27E659}.Ad-Hoc|x86.Deploy.0 = Release|Any CPU
		{A148FD4F-74F8-4C0D-AD90-214A9E27E659}.AppStore|Any CPU.ActiveCfg = Release|Any CPU
		{A148FD4F-74F8-4C0D-AD90-214A9E27E659}.AppStore|Any CPU.Build.0 = Release|Any CPU
		{A148FD4F-74F8-4C0D-AD90-214A9E27E659}.AppStore|Any CPU.Deploy.0 = Release|Any CPU
		{A148FD4F-74F8-4C0D-AD90-214A9E27E659}.AppStore|ARM.ActiveCfg = Release|Any CPU
		{A148FD4F-74F8-4C0D-AD90-214A9E27E659}.AppStore|ARM.Build.0 = Release|Any CPU
		{A148FD4F-74F8-4C0D-AD90-214A9E27E659}.AppStore|ARM.Deploy.0 = Release|Any CPU
		{A148FD4F-74F8-4C0D-AD90-214A9E27E659}.AppStore|iPhone.ActiveCfg = Release|Any CPU
		{A148FD4F-74F8-4C0D-AD90-214A9E27E659}.AppStore|iPhone.Build.0 = Release|Any CPU
		{A148FD4F-74F8-4C0D-AD90-214A9E27E659}.AppStore|iPhone.Deploy.0 = Release|Any CPU
		{A148FD4F-74F8-4C0D-AD90-214A9E27E659}.AppStore|iPhoneSimulator.ActiveCfg = Release|Any CPU
		{A148FD4F-74F8-4C0D-AD90-214A9E27E659}.AppStore|iPhoneSimulator.Build.0 = Release|Any CPU
		{A148FD4F-74F8-4C0D-AD90-214A9E27E659}.AppStore|iPhoneSimulator.Deploy.0 = Release|Any CPU
		{A148FD4F-74F8-4C0D-AD90-214A9E27E659}.AppStore|x64.ActiveCfg = Release|Any CPU
		{A148FD4F-74F8-4C0D-AD90-214A9E27E659}.AppStore|x64.Build.0 = Release|Any CPU
		{A148FD4F-74F8-4C0D-AD90-214A9E27E659}.AppStore|x64.Deploy.0 = Release|Any CPU
		{A148FD4F-74F8-4C0D-AD90-214A9E27E659}.AppStore|x86.ActiveCfg = Release|Any CPU
		{A148FD4F-74F8-4C0D-AD90-214A9E27E659}.AppStore|x86.Build.0 = Release|Any CPU
		{A148FD4F-74F8-4C0D-AD90-214A9E27E659}.AppStore|x86.Deploy.0 = Release|Any CPU
		{A148FD4F-74F8-4C0D-AD90-214A9E27E659}.Debug|Any CPU.ActiveCfg = Debug|Any CPU
		{A148FD4F-74F8-4C0D-AD90-214A9E27E659}.Debug|Any CPU.Build.0 = Debug|Any CPU
		{A148FD4F-74F8-4C0D-AD90-214A9E27E659}.Debug|Any CPU.Deploy.0 = Debug|Any CPU
		{A148FD4F-74F8-4C0D-AD90-214A9E27E659}.Debug|ARM.ActiveCfg = Debug|Any CPU
		{A148FD4F-74F8-4C0D-AD90-214A9E27E659}.Debug|ARM.Build.0 = Debug|Any CPU
		{A148FD4F-74F8-4C0D-AD90-214A9E27E659}.Debug|ARM.Deploy.0 = Debug|Any CPU
		{A148FD4F-74F8-4C0D-AD90-214A9E27E659}.Debug|iPhone.ActiveCfg = Debug|Any CPU
		{A148FD4F-74F8-4C0D-AD90-214A9E27E659}.Debug|iPhone.Build.0 = Debug|Any CPU
		{A148FD4F-74F8-4C0D-AD90-214A9E27E659}.Debug|iPhone.Deploy.0 = Debug|Any CPU
		{A148FD4F-74F8-4C0D-AD90-214A9E27E659}.Debug|iPhoneSimulator.ActiveCfg = Debug|Any CPU
		{A148FD4F-74F8-4C0D-AD90-214A9E27E659}.Debug|iPhoneSimulator.Build.0 = Debug|Any CPU
		{A148FD4F-74F8-4C0D-AD90-214A9E27E659}.Debug|iPhoneSimulator.Deploy.0 = Debug|Any CPU
		{A148FD4F-74F8-4C0D-AD90-214A9E27E659}.Debug|x64.ActiveCfg = Debug|Any CPU
		{A148FD4F-74F8-4C0D-AD90-214A9E27E659}.Debug|x64.Build.0 = Debug|Any CPU
		{A148FD4F-74F8-4C0D-AD90-214A9E27E659}.Debug|x64.Deploy.0 = Debug|Any CPU
		{A148FD4F-74F8-4C0D-AD90-214A9E27E659}.Debug|x86.ActiveCfg = Debug|Any CPU
		{A148FD4F-74F8-4C0D-AD90-214A9E27E659}.Debug|x86.Build.0 = Debug|Any CPU
		{A148FD4F-74F8-4C0D-AD90-214A9E27E659}.Debug|x86.Deploy.0 = Debug|Any CPU
		{A148FD4F-74F8-4C0D-AD90-214A9E27E659}.Release|Any CPU.ActiveCfg = Release|Any CPU
		{A148FD4F-74F8-4C0D-AD90-214A9E27E659}.Release|Any CPU.Build.0 = Release|Any CPU
		{A148FD4F-74F8-4C0D-AD90-214A9E27E659}.Release|Any CPU.Deploy.0 = Release|Any CPU
		{A148FD4F-74F8-4C0D-AD90-214A9E27E659}.Release|ARM.ActiveCfg = Release|Any CPU
		{A148FD4F-74F8-4C0D-AD90-214A9E27E659}.Release|ARM.Build.0 = Release|Any CPU
		{A148FD4F-74F8-4C0D-AD90-214A9E27E659}.Release|ARM.Deploy.0 = Release|Any CPU
		{A148FD4F-74F8-4C0D-AD90-214A9E27E659}.Release|iPhone.ActiveCfg = Release|Any CPU
		{A148FD4F-74F8-4C0D-AD90-214A9E27E659}.Release|iPhone.Build.0 = Release|Any CPU
		{A148FD4F-74F8-4C0D-AD90-214A9E27E659}.Release|iPhone.Deploy.0 = Release|Any CPU
		{A148FD4F-74F8-4C0D-AD90-214A9E27E659}.Release|iPhoneSimulator.ActiveCfg = Release|Any CPU
		{A148FD4F-74F8-4C0D-AD90-214A9E27E659}.Release|iPhoneSimulator.Build.0 = Release|Any CPU
		{A148FD4F-74F8-4C0D-AD90-214A9E27E659}.Release|iPhoneSimulator.Deploy.0 = Release|Any CPU
		{A148FD4F-74F8-4C0D-AD90-214A9E27E659}.Release|x64.ActiveCfg = Release|Any CPU
		{A148FD4F-74F8-4C0D-AD90-214A9E27E659}.Release|x64.Build.0 = Release|Any CPU
		{A148FD4F-74F8-4C0D-AD90-214A9E27E659}.Release|x64.Deploy.0 = Release|Any CPU
		{A148FD4F-74F8-4C0D-AD90-214A9E27E659}.Release|x86.ActiveCfg = Release|Any CPU
		{A148FD4F-74F8-4C0D-AD90-214A9E27E659}.Release|x86.Build.0 = Release|Any CPU
		{A148FD4F-74F8-4C0D-AD90-214A9E27E659}.Release|x86.Deploy.0 = Release|Any CPU
		{FF68EFAE-BB48-49C7-8E31-CEC096E3EE68}.Ad-Hoc|Any CPU.ActiveCfg = Ad-Hoc|iPhone
		{FF68EFAE-BB48-49C7-8E31-CEC096E3EE68}.Ad-Hoc|ARM.ActiveCfg = Ad-Hoc|iPhone
		{FF68EFAE-BB48-49C7-8E31-CEC096E3EE68}.Ad-Hoc|iPhone.ActiveCfg = Ad-Hoc|iPhone
		{FF68EFAE-BB48-49C7-8E31-CEC096E3EE68}.Ad-Hoc|iPhone.Build.0 = Ad-Hoc|iPhone
		{FF68EFAE-BB48-49C7-8E31-CEC096E3EE68}.Ad-Hoc|iPhoneSimulator.ActiveCfg = Ad-Hoc|iPhoneSimulator
		{FF68EFAE-BB48-49C7-8E31-CEC096E3EE68}.Ad-Hoc|iPhoneSimulator.Build.0 = Ad-Hoc|iPhoneSimulator
		{FF68EFAE-BB48-49C7-8E31-CEC096E3EE68}.Ad-Hoc|x64.ActiveCfg = Ad-Hoc|iPhone
		{FF68EFAE-BB48-49C7-8E31-CEC096E3EE68}.Ad-Hoc|x86.ActiveCfg = Ad-Hoc|iPhone
		{FF68EFAE-BB48-49C7-8E31-CEC096E3EE68}.AppStore|Any CPU.ActiveCfg = AppStore|iPhone
		{FF68EFAE-BB48-49C7-8E31-CEC096E3EE68}.AppStore|ARM.ActiveCfg = AppStore|iPhone
		{FF68EFAE-BB48-49C7-8E31-CEC096E3EE68}.AppStore|iPhone.ActiveCfg = AppStore|iPhone
		{FF68EFAE-BB48-49C7-8E31-CEC096E3EE68}.AppStore|iPhone.Build.0 = AppStore|iPhone
		{FF68EFAE-BB48-49C7-8E31-CEC096E3EE68}.AppStore|iPhoneSimulator.ActiveCfg = AppStore|iPhoneSimulator
		{FF68EFAE-BB48-49C7-8E31-CEC096E3EE68}.AppStore|iPhoneSimulator.Build.0 = AppStore|iPhoneSimulator
		{FF68EFAE-BB48-49C7-8E31-CEC096E3EE68}.AppStore|x64.ActiveCfg = AppStore|iPhone
		{FF68EFAE-BB48-49C7-8E31-CEC096E3EE68}.AppStore|x86.ActiveCfg = AppStore|iPhone
		{FF68EFAE-BB48-49C7-8E31-CEC096E3EE68}.Debug|Any CPU.ActiveCfg = Debug|iPhone
		{FF68EFAE-BB48-49C7-8E31-CEC096E3EE68}.Debug|ARM.ActiveCfg = Debug|iPhone
		{FF68EFAE-BB48-49C7-8E31-CEC096E3EE68}.Debug|iPhone.ActiveCfg = Debug|iPhone
		{FF68EFAE-BB48-49C7-8E31-CEC096E3EE68}.Debug|iPhone.Build.0 = Debug|iPhone
		{FF68EFAE-BB48-49C7-8E31-CEC096E3EE68}.Debug|iPhoneSimulator.ActiveCfg = Debug|iPhoneSimulator
		{FF68EFAE-BB48-49C7-8E31-CEC096E3EE68}.Debug|iPhoneSimulator.Build.0 = Debug|iPhoneSimulator
		{FF68EFAE-BB48-49C7-8E31-CEC096E3EE68}.Debug|x64.ActiveCfg = Debug|iPhone
		{FF68EFAE-BB48-49C7-8E31-CEC096E3EE68}.Debug|x86.ActiveCfg = Debug|iPhone
		{FF68EFAE-BB48-49C7-8E31-CEC096E3EE68}.Release|Any CPU.ActiveCfg = Release|iPhone
		{FF68EFAE-BB48-49C7-8E31-CEC096E3EE68}.Release|ARM.ActiveCfg = Release|iPhone
		{FF68EFAE-BB48-49C7-8E31-CEC096E3EE68}.Release|iPhone.ActiveCfg = Release|iPhone
		{FF68EFAE-BB48-49C7-8E31-CEC096E3EE68}.Release|iPhone.Build.0 = Release|iPhone
		{FF68EFAE-BB48-49C7-8E31-CEC096E3EE68}.Release|iPhoneSimulator.ActiveCfg = Release|iPhoneSimulator
		{FF68EFAE-BB48-49C7-8E31-CEC096E3EE68}.Release|iPhoneSimulator.Build.0 = Release|iPhoneSimulator
		{FF68EFAE-BB48-49C7-8E31-CEC096E3EE68}.Release|x64.ActiveCfg = Release|iPhone
		{FF68EFAE-BB48-49C7-8E31-CEC096E3EE68}.Release|x86.ActiveCfg = Release|iPhone
		{F85617C9-CC73-47B1-8D4A-D836EB6629D2}.Ad-Hoc|Any CPU.ActiveCfg = Release|x64
		{F85617C9-CC73-47B1-8D4A-D836EB6629D2}.Ad-Hoc|Any CPU.Build.0 = Release|x64
		{F85617C9-CC73-47B1-8D4A-D836EB6629D2}.Ad-Hoc|Any CPU.Deploy.0 = Release|x64
		{F85617C9-CC73-47B1-8D4A-D836EB6629D2}.Ad-Hoc|ARM.ActiveCfg = Release|ARM
		{F85617C9-CC73-47B1-8D4A-D836EB6629D2}.Ad-Hoc|ARM.Build.0 = Release|ARM
		{F85617C9-CC73-47B1-8D4A-D836EB6629D2}.Ad-Hoc|ARM.Deploy.0 = Release|ARM
		{F85617C9-CC73-47B1-8D4A-D836EB6629D2}.Ad-Hoc|iPhone.ActiveCfg = Release|x64
		{F85617C9-CC73-47B1-8D4A-D836EB6629D2}.Ad-Hoc|iPhone.Build.0 = Release|x64
		{F85617C9-CC73-47B1-8D4A-D836EB6629D2}.Ad-Hoc|iPhone.Deploy.0 = Release|x64
		{F85617C9-CC73-47B1-8D4A-D836EB6629D2}.Ad-Hoc|iPhoneSimulator.ActiveCfg = Release|x64
		{F85617C9-CC73-47B1-8D4A-D836EB6629D2}.Ad-Hoc|iPhoneSimulator.Build.0 = Release|x64
		{F85617C9-CC73-47B1-8D4A-D836EB6629D2}.Ad-Hoc|iPhoneSimulator.Deploy.0 = Release|x64
		{F85617C9-CC73-47B1-8D4A-D836EB6629D2}.Ad-Hoc|x64.ActiveCfg = Release|x64
		{F85617C9-CC73-47B1-8D4A-D836EB6629D2}.Ad-Hoc|x64.Build.0 = Release|x64
		{F85617C9-CC73-47B1-8D4A-D836EB6629D2}.Ad-Hoc|x64.Deploy.0 = Release|x64
		{F85617C9-CC73-47B1-8D4A-D836EB6629D2}.Ad-Hoc|x86.ActiveCfg = Release|x86
		{F85617C9-CC73-47B1-8D4A-D836EB6629D2}.Ad-Hoc|x86.Build.0 = Release|x86
		{F85617C9-CC73-47B1-8D4A-D836EB6629D2}.Ad-Hoc|x86.Deploy.0 = Release|x86
		{F85617C9-CC73-47B1-8D4A-D836EB6629D2}.AppStore|Any CPU.ActiveCfg = Release|x64
		{F85617C9-CC73-47B1-8D4A-D836EB6629D2}.AppStore|Any CPU.Build.0 = Release|x64
		{F85617C9-CC73-47B1-8D4A-D836EB6629D2}.AppStore|Any CPU.Deploy.0 = Release|x64
		{F85617C9-CC73-47B1-8D4A-D836EB6629D2}.AppStore|ARM.ActiveCfg = Release|ARM
		{F85617C9-CC73-47B1-8D4A-D836EB6629D2}.AppStore|ARM.Build.0 = Release|ARM
		{F85617C9-CC73-47B1-8D4A-D836EB6629D2}.AppStore|ARM.Deploy.0 = Release|ARM
		{F85617C9-CC73-47B1-8D4A-D836EB6629D2}.AppStore|iPhone.ActiveCfg = Release|x64
		{F85617C9-CC73-47B1-8D4A-D836EB6629D2}.AppStore|iPhone.Build.0 = Release|x64
		{F85617C9-CC73-47B1-8D4A-D836EB6629D2}.AppStore|iPhone.Deploy.0 = Release|x64
		{F85617C9-CC73-47B1-8D4A-D836EB6629D2}.AppStore|iPhoneSimulator.ActiveCfg = Release|x64
		{F85617C9-CC73-47B1-8D4A-D836EB6629D2}.AppStore|iPhoneSimulator.Build.0 = Release|x64
		{F85617C9-CC73-47B1-8D4A-D836EB6629D2}.AppStore|iPhoneSimulator.Deploy.0 = Release|x64
		{F85617C9-CC73-47B1-8D4A-D836EB6629D2}.AppStore|x64.ActiveCfg = Release|x64
		{F85617C9-CC73-47B1-8D4A-D836EB6629D2}.AppStore|x64.Build.0 = Release|x64
		{F85617C9-CC73-47B1-8D4A-D836EB6629D2}.AppStore|x64.Deploy.0 = Release|x64
		{F85617C9-CC73-47B1-8D4A-D836EB6629D2}.AppStore|x86.ActiveCfg = Release|x86
		{F85617C9-CC73-47B1-8D4A-D836EB6629D2}.AppStore|x86.Build.0 = Release|x86
		{F85617C9-CC73-47B1-8D4A-D836EB6629D2}.AppStore|x86.Deploy.0 = Release|x86
		{F85617C9-CC73-47B1-8D4A-D836EB6629D2}.Debug|Any CPU.ActiveCfg = Debug|x86
		{F85617C9-CC73-47B1-8D4A-D836EB6629D2}.Debug|ARM.ActiveCfg = Debug|ARM
		{F85617C9-CC73-47B1-8D4A-D836EB6629D2}.Debug|ARM.Build.0 = Debug|ARM
		{F85617C9-CC73-47B1-8D4A-D836EB6629D2}.Debug|ARM.Deploy.0 = Debug|ARM
		{F85617C9-CC73-47B1-8D4A-D836EB6629D2}.Debug|iPhone.ActiveCfg = Debug|x86
		{F85617C9-CC73-47B1-8D4A-D836EB6629D2}.Debug|iPhoneSimulator.ActiveCfg = Debug|x86
		{F85617C9-CC73-47B1-8D4A-D836EB6629D2}.Debug|x64.ActiveCfg = Debug|x64
		{F85617C9-CC73-47B1-8D4A-D836EB6629D2}.Debug|x64.Build.0 = Debug|x64
		{F85617C9-CC73-47B1-8D4A-D836EB6629D2}.Debug|x64.Deploy.0 = Debug|x64
		{F85617C9-CC73-47B1-8D4A-D836EB6629D2}.Debug|x86.ActiveCfg = Debug|x86
		{F85617C9-CC73-47B1-8D4A-D836EB6629D2}.Debug|x86.Build.0 = Debug|x86
		{F85617C9-CC73-47B1-8D4A-D836EB6629D2}.Debug|x86.Deploy.0 = Debug|x86
		{F85617C9-CC73-47B1-8D4A-D836EB6629D2}.Release|Any CPU.ActiveCfg = Release|x86
		{F85617C9-CC73-47B1-8D4A-D836EB6629D2}.Release|ARM.ActiveCfg = Release|ARM
		{F85617C9-CC73-47B1-8D4A-D836EB6629D2}.Release|ARM.Build.0 = Release|ARM
		{F85617C9-CC73-47B1-8D4A-D836EB6629D2}.Release|ARM.Deploy.0 = Release|ARM
		{F85617C9-CC73-47B1-8D4A-D836EB6629D2}.Release|iPhone.ActiveCfg = Release|x86
		{F85617C9-CC73-47B1-8D4A-D836EB6629D2}.Release|iPhoneSimulator.ActiveCfg = Release|x86
		{F85617C9-CC73-47B1-8D4A-D836EB6629D2}.Release|x64.ActiveCfg = Release|x64
		{F85617C9-CC73-47B1-8D4A-D836EB6629D2}.Release|x64.Build.0 = Release|x64
		{F85617C9-CC73-47B1-8D4A-D836EB6629D2}.Release|x64.Deploy.0 = Release|x64
		{F85617C9-CC73-47B1-8D4A-D836EB6629D2}.Release|x86.ActiveCfg = Release|x86
		{F85617C9-CC73-47B1-8D4A-D836EB6629D2}.Release|x86.Build.0 = Release|x86
		{F85617C9-CC73-47B1-8D4A-D836EB6629D2}.Release|x86.Deploy.0 = Release|x86
		{E9ADA92F-2056-4AB4-B6DC-528FBE5A5ECE}.Ad-Hoc|Any CPU.ActiveCfg = Debug|Any CPU
		{E9ADA92F-2056-4AB4-B6DC-528FBE5A5ECE}.Ad-Hoc|Any CPU.Build.0 = Debug|Any CPU
		{E9ADA92F-2056-4AB4-B6DC-528FBE5A5ECE}.Ad-Hoc|ARM.ActiveCfg = Debug|Any CPU
		{E9ADA92F-2056-4AB4-B6DC-528FBE5A5ECE}.Ad-Hoc|ARM.Build.0 = Debug|Any CPU
		{E9ADA92F-2056-4AB4-B6DC-528FBE5A5ECE}.Ad-Hoc|iPhone.ActiveCfg = Debug|Any CPU
		{E9ADA92F-2056-4AB4-B6DC-528FBE5A5ECE}.Ad-Hoc|iPhone.Build.0 = Debug|Any CPU
		{E9ADA92F-2056-4AB4-B6DC-528FBE5A5ECE}.Ad-Hoc|iPhoneSimulator.ActiveCfg = Debug|Any CPU
		{E9ADA92F-2056-4AB4-B6DC-528FBE5A5ECE}.Ad-Hoc|iPhoneSimulator.Build.0 = Debug|Any CPU
		{E9ADA92F-2056-4AB4-B6DC-528FBE5A5ECE}.Ad-Hoc|x64.ActiveCfg = Debug|Any CPU
		{E9ADA92F-2056-4AB4-B6DC-528FBE5A5ECE}.Ad-Hoc|x64.Build.0 = Debug|Any CPU
		{E9ADA92F-2056-4AB4-B6DC-528FBE5A5ECE}.Ad-Hoc|x86.ActiveCfg = Debug|Any CPU
		{E9ADA92F-2056-4AB4-B6DC-528FBE5A5ECE}.Ad-Hoc|x86.Build.0 = Debug|Any CPU
		{E9ADA92F-2056-4AB4-B6DC-528FBE5A5ECE}.AppStore|Any CPU.ActiveCfg = Debug|Any CPU
		{E9ADA92F-2056-4AB4-B6DC-528FBE5A5ECE}.AppStore|Any CPU.Build.0 = Debug|Any CPU
		{E9ADA92F-2056-4AB4-B6DC-528FBE5A5ECE}.AppStore|ARM.ActiveCfg = Debug|Any CPU
		{E9ADA92F-2056-4AB4-B6DC-528FBE5A5ECE}.AppStore|ARM.Build.0 = Debug|Any CPU
		{E9ADA92F-2056-4AB4-B6DC-528FBE5A5ECE}.AppStore|iPhone.ActiveCfg = Debug|Any CPU
		{E9ADA92F-2056-4AB4-B6DC-528FBE5A5ECE}.AppStore|iPhone.Build.0 = Debug|Any CPU
		{E9ADA92F-2056-4AB4-B6DC-528FBE5A5ECE}.AppStore|iPhoneSimulator.ActiveCfg = Debug|Any CPU
		{E9ADA92F-2056-4AB4-B6DC-528FBE5A5ECE}.AppStore|iPhoneSimulator.Build.0 = Debug|Any CPU
		{E9ADA92F-2056-4AB4-B6DC-528FBE5A5ECE}.AppStore|x64.ActiveCfg = Debug|Any CPU
		{E9ADA92F-2056-4AB4-B6DC-528FBE5A5ECE}.AppStore|x64.Build.0 = Debug|Any CPU
		{E9ADA92F-2056-4AB4-B6DC-528FBE5A5ECE}.AppStore|x86.ActiveCfg = Debug|Any CPU
		{E9ADA92F-2056-4AB4-B6DC-528FBE5A5ECE}.AppStore|x86.Build.0 = Debug|Any CPU
		{E9ADA92F-2056-4AB4-B6DC-528FBE5A5ECE}.Debug|Any CPU.ActiveCfg = Debug|Any CPU
		{E9ADA92F-2056-4AB4-B6DC-528FBE5A5ECE}.Debug|Any CPU.Build.0 = Debug|Any CPU
		{E9ADA92F-2056-4AB4-B6DC-528FBE5A5ECE}.Debug|ARM.ActiveCfg = Debug|Any CPU
		{E9ADA92F-2056-4AB4-B6DC-528FBE5A5ECE}.Debug|ARM.Build.0 = Debug|Any CPU
		{E9ADA92F-2056-4AB4-B6DC-528FBE5A5ECE}.Debug|iPhone.ActiveCfg = Debug|Any CPU
		{E9ADA92F-2056-4AB4-B6DC-528FBE5A5ECE}.Debug|iPhone.Build.0 = Debug|Any CPU
		{E9ADA92F-2056-4AB4-B6DC-528FBE5A5ECE}.Debug|iPhoneSimulator.ActiveCfg = Debug|Any CPU
		{E9ADA92F-2056-4AB4-B6DC-528FBE5A5ECE}.Debug|iPhoneSimulator.Build.0 = Debug|Any CPU
		{E9ADA92F-2056-4AB4-B6DC-528FBE5A5ECE}.Debug|x64.ActiveCfg = Debug|Any CPU
		{E9ADA92F-2056-4AB4-B6DC-528FBE5A5ECE}.Debug|x64.Build.0 = Debug|Any CPU
		{E9ADA92F-2056-4AB4-B6DC-528FBE5A5ECE}.Debug|x86.ActiveCfg = Debug|Any CPU
		{E9ADA92F-2056-4AB4-B6DC-528FBE5A5ECE}.Debug|x86.Build.0 = Debug|Any CPU
		{E9ADA92F-2056-4AB4-B6DC-528FBE5A5ECE}.Release|Any CPU.ActiveCfg = Release|Any CPU
		{E9ADA92F-2056-4AB4-B6DC-528FBE5A5ECE}.Release|Any CPU.Build.0 = Release|Any CPU
		{E9ADA92F-2056-4AB4-B6DC-528FBE5A5ECE}.Release|ARM.ActiveCfg = Release|Any CPU
		{E9ADA92F-2056-4AB4-B6DC-528FBE5A5ECE}.Release|ARM.Build.0 = Release|Any CPU
		{E9ADA92F-2056-4AB4-B6DC-528FBE5A5ECE}.Release|iPhone.ActiveCfg = Release|Any CPU
		{E9ADA92F-2056-4AB4-B6DC-528FBE5A5ECE}.Release|iPhone.Build.0 = Release|Any CPU
		{E9ADA92F-2056-4AB4-B6DC-528FBE5A5ECE}.Release|iPhoneSimulator.ActiveCfg = Release|Any CPU
		{E9ADA92F-2056-4AB4-B6DC-528FBE5A5ECE}.Release|iPhoneSimulator.Build.0 = Release|Any CPU
		{E9ADA92F-2056-4AB4-B6DC-528FBE5A5ECE}.Release|x64.ActiveCfg = Release|Any CPU
		{E9ADA92F-2056-4AB4-B6DC-528FBE5A5ECE}.Release|x64.Build.0 = Release|Any CPU
		{E9ADA92F-2056-4AB4-B6DC-528FBE5A5ECE}.Release|x86.ActiveCfg = Release|Any CPU
		{E9ADA92F-2056-4AB4-B6DC-528FBE5A5ECE}.Release|x86.Build.0 = Release|Any CPU
		{823BA479-96F1-4D86-97ED-EA5AC17F8435}.Ad-Hoc|Any CPU.ActiveCfg = Debug|Any CPU
		{823BA479-96F1-4D86-97ED-EA5AC17F8435}.Ad-Hoc|Any CPU.Build.0 = Debug|Any CPU
		{823BA479-96F1-4D86-97ED-EA5AC17F8435}.Ad-Hoc|ARM.ActiveCfg = Debug|Any CPU
		{823BA479-96F1-4D86-97ED-EA5AC17F8435}.Ad-Hoc|ARM.Build.0 = Debug|Any CPU
		{823BA479-96F1-4D86-97ED-EA5AC17F8435}.Ad-Hoc|iPhone.ActiveCfg = Debug|Any CPU
		{823BA479-96F1-4D86-97ED-EA5AC17F8435}.Ad-Hoc|iPhone.Build.0 = Debug|Any CPU
		{823BA479-96F1-4D86-97ED-EA5AC17F8435}.Ad-Hoc|iPhoneSimulator.ActiveCfg = Debug|Any CPU
		{823BA479-96F1-4D86-97ED-EA5AC17F8435}.Ad-Hoc|iPhoneSimulator.Build.0 = Debug|Any CPU
		{823BA479-96F1-4D86-97ED-EA5AC17F8435}.Ad-Hoc|x64.ActiveCfg = Debug|Any CPU
		{823BA479-96F1-4D86-97ED-EA5AC17F8435}.Ad-Hoc|x64.Build.0 = Debug|Any CPU
		{823BA479-96F1-4D86-97ED-EA5AC17F8435}.Ad-Hoc|x86.ActiveCfg = Debug|Any CPU
		{823BA479-96F1-4D86-97ED-EA5AC17F8435}.Ad-Hoc|x86.Build.0 = Debug|Any CPU
		{823BA479-96F1-4D86-97ED-EA5AC17F8435}.AppStore|Any CPU.ActiveCfg = Debug|Any CPU
		{823BA479-96F1-4D86-97ED-EA5AC17F8435}.AppStore|Any CPU.Build.0 = Debug|Any CPU
		{823BA479-96F1-4D86-97ED-EA5AC17F8435}.AppStore|ARM.ActiveCfg = Debug|Any CPU
		{823BA479-96F1-4D86-97ED-EA5AC17F8435}.AppStore|ARM.Build.0 = Debug|Any CPU
		{823BA479-96F1-4D86-97ED-EA5AC17F8435}.AppStore|iPhone.ActiveCfg = Debug|Any CPU
		{823BA479-96F1-4D86-97ED-EA5AC17F8435}.AppStore|iPhone.Build.0 = Debug|Any CPU
		{823BA479-96F1-4D86-97ED-EA5AC17F8435}.AppStore|iPhoneSimulator.ActiveCfg = Debug|Any CPU
		{823BA479-96F1-4D86-97ED-EA5AC17F8435}.AppStore|iPhoneSimulator.Build.0 = Debug|Any CPU
		{823BA479-96F1-4D86-97ED-EA5AC17F8435}.AppStore|x64.ActiveCfg = Debug|Any CPU
		{823BA479-96F1-4D86-97ED-EA5AC17F8435}.AppStore|x64.Build.0 = Debug|Any CPU
		{823BA479-96F1-4D86-97ED-EA5AC17F8435}.AppStore|x86.ActiveCfg = Debug|Any CPU
		{823BA479-96F1-4D86-97ED-EA5AC17F8435}.AppStore|x86.Build.0 = Debug|Any CPU
		{823BA479-96F1-4D86-97ED-EA5AC17F8435}.Debug|Any CPU.ActiveCfg = Debug|Any CPU
		{823BA479-96F1-4D86-97ED-EA5AC17F8435}.Debug|Any CPU.Build.0 = Debug|Any CPU
		{823BA479-96F1-4D86-97ED-EA5AC17F8435}.Debug|ARM.ActiveCfg = Debug|Any CPU
		{823BA479-96F1-4D86-97ED-EA5AC17F8435}.Debug|ARM.Build.0 = Debug|Any CPU
		{823BA479-96F1-4D86-97ED-EA5AC17F8435}.Debug|iPhone.ActiveCfg = Debug|Any CPU
		{823BA479-96F1-4D86-97ED-EA5AC17F8435}.Debug|iPhone.Build.0 = Debug|Any CPU
		{823BA479-96F1-4D86-97ED-EA5AC17F8435}.Debug|iPhoneSimulator.ActiveCfg = Debug|Any CPU
		{823BA479-96F1-4D86-97ED-EA5AC17F8435}.Debug|iPhoneSimulator.Build.0 = Debug|Any CPU
		{823BA479-96F1-4D86-97ED-EA5AC17F8435}.Debug|x64.ActiveCfg = Debug|Any CPU
		{823BA479-96F1-4D86-97ED-EA5AC17F8435}.Debug|x64.Build.0 = Debug|Any CPU
		{823BA479-96F1-4D86-97ED-EA5AC17F8435}.Debug|x86.ActiveCfg = Debug|Any CPU
		{823BA479-96F1-4D86-97ED-EA5AC17F8435}.Debug|x86.Build.0 = Debug|Any CPU
		{823BA479-96F1-4D86-97ED-EA5AC17F8435}.Release|Any CPU.ActiveCfg = Release|Any CPU
		{823BA479-96F1-4D86-97ED-EA5AC17F8435}.Release|Any CPU.Build.0 = Release|Any CPU
		{823BA479-96F1-4D86-97ED-EA5AC17F8435}.Release|ARM.ActiveCfg = Release|Any CPU
		{823BA479-96F1-4D86-97ED-EA5AC17F8435}.Release|ARM.Build.0 = Release|Any CPU
		{823BA479-96F1-4D86-97ED-EA5AC17F8435}.Release|iPhone.ActiveCfg = Release|Any CPU
		{823BA479-96F1-4D86-97ED-EA5AC17F8435}.Release|iPhone.Build.0 = Release|Any CPU
		{823BA479-96F1-4D86-97ED-EA5AC17F8435}.Release|iPhoneSimulator.ActiveCfg = Release|Any CPU
		{823BA479-96F1-4D86-97ED-EA5AC17F8435}.Release|iPhoneSimulator.Build.0 = Release|Any CPU
		{823BA479-96F1-4D86-97ED-EA5AC17F8435}.Release|x64.ActiveCfg = Release|Any CPU
		{823BA479-96F1-4D86-97ED-EA5AC17F8435}.Release|x64.Build.0 = Release|Any CPU
		{823BA479-96F1-4D86-97ED-EA5AC17F8435}.Release|x86.ActiveCfg = Release|Any CPU
		{823BA479-96F1-4D86-97ED-EA5AC17F8435}.Release|x86.Build.0 = Release|Any CPU
	EndGlobalSection
	GlobalSection(SolutionProperties) = preSolution
		HideSolutionNode = FALSE
	EndGlobalSection
	GlobalSection(NestedProjects) = preSolution
		{CA82B391-A249-4091-8D19-C1DF7799CFCF} = {E384501C-485E-4EA0-8BB8-983096FD02AF}
		{6279C845-92F8-4333-AB99-3D213163593C} = {CA82B391-A249-4091-8D19-C1DF7799CFCF}
		{A148FD4F-74F8-4C0D-AD90-214A9E27E659} = {CA82B391-A249-4091-8D19-C1DF7799CFCF}
		{FF68EFAE-BB48-49C7-8E31-CEC096E3EE68} = {CA82B391-A249-4091-8D19-C1DF7799CFCF}
		{F85617C9-CC73-47B1-8D4A-D836EB6629D2} = {CA82B391-A249-4091-8D19-C1DF7799CFCF}
		{E9ADA92F-2056-4AB4-B6DC-528FBE5A5ECE} = {CA82B391-A249-4091-8D19-C1DF7799CFCF}
		{823BA479-96F1-4D86-97ED-EA5AC17F8435} = {CA82B391-A249-4091-8D19-C1DF7799CFCF}
	EndGlobalSection
	GlobalSection(ExtensibilityGlobals) = postSolution
		SolutionGuid = {74ADA440-EB52-41CA-B82D-C77D847E5BDD}
	EndGlobalSection
EndGlobal
